Microsoft Visual Studio Solution File, Format Version 12.00
# Visual Studio 2012
Project("{FAE04EC0-301F-11D3-BF4B-00C04F79EFBC}") = "finalSDP", "finalSDP.csproj", "{2B8F843E-4BE8-4CB6-9A65-92F70242A326}"
EndProject
Global
	GlobalSection(SolutionConfigurationPlatforms) = preSolution
	Debug|Any CPU = Debug|Any CPU
	ExportDebug|Any CPU = ExportDebug|Any CPU
	ExportRelease|Any CPU = ExportRelease|Any CPU
	EndGlobalSection
	GlobalSection(ProjectConfigurationPlatforms) = postSolution
		{2B8F843E-4BE8-4CB6-9A65-92F70242A326}.Debug|Any CPU.ActiveCfg = Debug|Any CPU
		{2B8F843E-4BE8-4CB6-9A65-92F70242A326}.Debug|Any CPU.Build.0 = Debug|Any CPU
		{2B8F843E-4BE8-4CB6-9A65-92F70242A326}.ExportDebug|Any CPU.ActiveCfg = ExportDebug|Any CPU
		{2B8F843E-4BE8-4CB6-9A65-92F70242A326}.ExportDebug|Any CPU.Build.0 = ExportDebug|Any CPU
		{2B8F843E-4BE8-4CB6-9A65-92F70242A326}.ExportRelease|Any CPU.ActiveCfg = ExportRelease|Any CPU
		{2B8F843E-4BE8-4CB6-9A65-92F70242A326}.ExportRelease|Any CPU.Build.0 = ExportRelease|Any CPU
	EndGlobalSection
EndGlobal
